// !$*UTF8*$!
{
	archiveVersion = 1;
	classes = {
	};
	objectVersion = 50;
	objects = {

/* Begin PBXBuildFile section */
		366ABA192284149E00016129 /* AppDelegate.swift in Sources */ = {isa = PBXBuildFile; fileRef = 366ABA182284149E00016129 /* AppDelegate.swift */; };
		366ABA1E2284149E00016129 /* Main.storyboard in Resources */ = {isa = PBXBuildFile; fileRef = 366ABA1C2284149E00016129 /* Main.storyboard */; };
		366ABA20228414A700016129 /* Assets.xcassets in Resources */ = {isa = PBXBuildFile; fileRef = 366ABA1F228414A700016129 /* Assets.xcassets */; };
		366ABA23228414A700016129 /* LaunchScreen.storyboard in Resources */ = {isa = PBXBuildFile; fileRef = 366ABA21228414A700016129 /* LaunchScreen.storyboard */; };
		366ABA2E228414A700016129 /* AVKitEasyUseProjectTests.swift in Sources */ = {isa = PBXBuildFile; fileRef = 366ABA2D228414A700016129 /* AVKitEasyUseProjectTests.swift */; };
		366ABA39228414A700016129 /* AVKitEasyUseProjectUITests.swift in Sources */ = {isa = PBXBuildFile; fileRef = 366ABA38228414A700016129 /* AVKitEasyUseProjectUITests.swift */; };
		366ABA47228414E500016129 /* Macro.swift in Sources */ = {isa = PBXBuildFile; fileRef = 366ABA46228414E500016129 /* Macro.swift */; };
		366ABA49228414F200016129 /* BaseViewController.swift in Sources */ = {isa = PBXBuildFile; fileRef = 366ABA48228414F200016129 /* BaseViewController.swift */; };
		366ABA4B2284150B00016129 /* PreviewViewController.swift in Sources */ = {isa = PBXBuildFile; fileRef = 366ABA4A2284150B00016129 /* PreviewViewController.swift */; };
		366ABA4D228415A700016129 /* PreviewView.swift in Sources */ = {isa = PBXBuildFile; fileRef = 366ABA4C228415A700016129 /* PreviewView.swift */; };
		366ABA4F2284171500016129 /* PreviewCell.swift in Sources */ = {isa = PBXBuildFile; fileRef = 366ABA4E2284171500016129 /* PreviewCell.swift */; };
/* End PBXBuildFile section */

/* Begin PBXContainerItemProxy section */
		366ABA2A228414A700016129 /* PBXContainerItemProxy */ = {
			isa = PBXContainerItemProxy;
			containerPortal = 366ABA0D2284149E00016129 /* Project object */;
			proxyType = 1;
			remoteGlobalIDString = 366ABA142284149E00016129;
			remoteInfo = AVKitEasyUseProject;
		};
		366ABA35228414A700016129 /* PBXContainerItemProxy */ = {
			isa = PBXContainerItemProxy;
			containerPortal = 366ABA0D2284149E00016129 /* Project object */;
			proxyType = 1;
			remoteGlobalIDString = 366ABA142284149E00016129;
			remoteInfo = AVKitEasyUseProject;
		};
/* End PBXContainerItemProxy section */

/* Begin PBXFileReference section */
		366ABA152284149E00016129 /* AVKitEasyUseProject.app */ = {isa = PBXFileReference; explicitFileType = wrapper.application; includeInIndex = 0; path = AVKitEasyUseProject.app; sourceTree = BUILT_PRODUCTS_DIR; };
		366ABA182284149E00016129 /* AppDelegate.swift */ = {isa = PBXFileReference; lastKnownFileType = sourcecode.swift; path = AppDelegate.swift; sourceTree = "<group>"; };
		366ABA1D2284149E00016129 /* Base */ = {isa = PBXFileReference; lastKnownFileType = file.storyboard; name = Base; path = Base.lproj/Main.storyboard; sourceTree = "<group>"; };
		366ABA1F228414A700016129 /* Assets.xcassets */ = {isa = PBXFileReference; lastKnownFileType = folder.assetcatalog; path = Assets.xcassets; sourceTree = "<group>"; };
		366ABA22228414A700016129 /* Base */ = {isa = PBXFileReference; lastKnownFileType = file.storyboard; name = Base; path = Base.lproj/LaunchScreen.storyboard; sourceTree = "<group>"; };
		366ABA24228414A700016129 /* Info.plist */ = {isa = PBXFileReference; lastKnownFileType = text.plist.xml; path = Info.plist; sourceTree = "<group>"; };
		366ABA29228414A700016129 /* AVKitEasyUseProjectTests.xctest */ = {isa = PBXFileReference; explicitFileType = wrapper.cfbundle; includeInIndex = 0; path = AVKitEasyUseProjectTests.xctest; sourceTree = BUILT_PRODUCTS_DIR; };
		366ABA2D228414A700016129 /* AVKitEasyUseProjectTests.swift */ = {isa = PBXFileReference; lastKnownFileType = sourcecode.swift; path = AVKitEasyUseProjectTests.swift; sourceTree = "<group>"; };
		366ABA2F228414A700016129 /* Info.plist */ = {isa = PBXFileReference; lastKnownFileType = text.plist.xml; path = Info.plist; sourceTree = "<group>"; };
		366ABA34228414A700016129 /* AVKitEasyUseProjectUITests.xctest */ = {isa = PBXFileReference; explicitFileType = wrapper.cfbundle; includeInIndex = 0; path = AVKitEasyUseProjectUITests.xctest; sourceTree = BUILT_PRODUCTS_DIR; };
		366ABA38228414A700016129 /* AVKitEasyUseProjectUITests.swift */ = {isa = PBXFileReference; lastKnownFileType = sourcecode.swift; path = AVKitEasyUseProjectUITests.swift; sourceTree = "<group>"; };
		366ABA3A228414A700016129 /* Info.plist */ = {isa = PBXFileReference; lastKnownFileType = text.plist.xml; path = Info.plist; sourceTree = "<group>"; };
		366ABA46228414E500016129 /* Macro.swift */ = {isa = PBXFileReference; fileEncoding = 4; lastKnownFileType = sourcecode.swift; path = Macro.swift; sourceTree = "<group>"; };
		366ABA48228414F200016129 /* BaseViewController.swift */ = {isa = PBXFileReference; fileEncoding = 4; lastKnownFileType = sourcecode.swift; path = BaseViewController.swift; sourceTree = "<group>"; };
		366ABA4A2284150B00016129 /* PreviewViewController.swift */ = {isa = PBXFileReference; lastKnownFileType = sourcecode.swift; path = PreviewViewController.swift; sourceTree = "<group>"; };
		366ABA4C228415A700016129 /* PreviewView.swift */ = {isa = PBXFileReference; lastKnownFileType = sourcecode.swift; path = PreviewView.swift; sourceTree = "<group>"; };
		366ABA4E2284171500016129 /* PreviewCell.swift */ = {isa = PBXFileReference; lastKnownFileType = sourcecode.swift; path = PreviewCell.swift; sourceTree = "<group>"; };
/* End PBXFileReference section */

/* Begin PBXFrameworksBuildPhase section */
		366ABA122284149E00016129 /* Frameworks */ = {
			isa = PBXFrameworksBuildPhase;
			buildActionMask = 2147483647;
			files = (
			);
			runOnlyForDeploymentPostprocessing = 0;
		};
		366ABA26228414A700016129 /* Frameworks */ = {
			isa = PBXFrameworksBuildPhase;
			buildActionMask = 2147483647;
			files = (
			);
			runOnlyForDeploymentPostprocessing = 0;
		};
		366ABA31228414A700016129 /* Frameworks */ = {
			isa = PBXFrameworksBuildPhase;
			buildActionMask = 2147483647;
			files = (
			);
			runOnlyForDeploymentPostprocessing = 0;
		};
/* End PBXFrameworksBuildPhase section */

/* Begin PBXGroup section */
		366ABA0C2284149E00016129 = {
			isa = PBXGroup;
			children = (
				366ABA172284149E00016129 /* AVKitEasyUseProject */,
				366ABA2C228414A700016129 /* AVKitEasyUseProjectTests */,
				366ABA37228414A700016129 /* AVKitEasyUseProjectUITests */,
				366ABA162284149E00016129 /* Products */,
			);
			sourceTree = "<group>";
		};
		366ABA162284149E00016129 /* Products */ = {
			isa = PBXGroup;
			children = (
				366ABA152284149E00016129 /* AVKitEasyUseProject.app */,
				366ABA29228414A700016129 /* AVKitEasyUseProjectTests.xctest */,
				366ABA34228414A700016129 /* AVKitEasyUseProjectUITests.xctest */,
			);
			name = Products;
			sourceTree = "<group>";
		};
		366ABA172284149E00016129 /* AVKitEasyUseProject */ = {
			isa = PBXGroup;
			children = (
				366ABA182284149E00016129 /* AppDelegate.swift */,
				366ABA48228414F200016129 /* BaseViewController.swift */,
				366ABA46228414E500016129 /* Macro.swift */,
				366ABA4A2284150B00016129 /* PreviewViewController.swift */,
				366ABA4C228415A700016129 /* PreviewView.swift */,
				366ABA4E2284171500016129 /* PreviewCell.swift */,
				366ABA1F228414A700016129 /* Assets.xcassets */,
				366ABA24228414A700016129 /* Info.plist */,
				366ABA1C2284149E00016129 /* Main.storyboard */,
				366ABA21228414A700016129 /* LaunchScreen.storyboard */,
			);
			path = AVKitEasyUseProject;
			sourceTree = "<group>";
		};
		366ABA2C228414A700016129 /* AVKitEasyUseProjectTests */ = {
			isa = PBXGroup;
			children = (
				366ABA2D228414A700016129 /* AVKitEasyUseProjectTests.swift */,
				366ABA2F228414A700016129 /* Info.plist */,
			);
			path = AVKitEasyUseProjectTests;
			sourceTree = "<group>";
		};
		366ABA37228414A700016129 /* AVKitEasyUseProjectUITests */ = {
			isa = PBXGroup;
			children = (
				366ABA38228414A700016129 /* AVKitEasyUseProjectUITests.swift */,
				366ABA3A228414A700016129 /* Info.plist */,
			);
			path = AVKitEasyUseProjectUITests;
			sourceTree = "<group>";
		};
/* End PBXGroup section */

/* Begin PBXNativeTarget section */
		366ABA142284149E00016129 /* AVKitEasyUseProject */ = {
			isa = PBXNativeTarget;
			buildConfigurationList = 366ABA3D228414A700016129 /* Build configuration list for PBXNativeTarget "AVKitEasyUseProject" */;
			buildPhases = (
				366ABA112284149E00016129 /* Sources */,
				366ABA122284149E00016129 /* Frameworks */,
				366ABA132284149E00016129 /* Resources */,
			);
			buildRules = (
			);
			dependencies = (
			);
			name = AVKitEasyUseProject;
			productName = AVKitEasyUseProject;
			productReference = 366ABA152284149E00016129 /* AVKitEasyUseProject.app */;
			productType = "com.apple.product-type.application";
		};
		366ABA28228414A700016129 /* AVKitEasyUseProjectTests */ = {
			isa = PBXNativeTarget;
			buildConfigurationList = 366ABA40228414A700016129 /* Build configuration list for PBXNativeTarget "AVKitEasyUseProjectTests" */;
			buildPhases = (
				366ABA25228414A700016129 /* Sources */,
				366ABA26228414A700016129 /* Frameworks */,
				366ABA27228414A700016129 /* Resources */,
			);
			buildRules = (
			);
			dependencies = (
				366ABA2B228414A700016129 /* PBXTargetDependency */,
			);
			name = AVKitEasyUseProjectTests;
			productName = AVKitEasyUseProjectTests;
			productReference = 366ABA29228414A700016129 /* AVKitEasyUseProjectTests.xctest */;
			productType = "com.apple.product-type.bundle.unit-test";
		};
		366ABA33228414A700016129 /* AVKitEasyUseProjectUITests */ = {
			isa = PBXNativeTarget;
			buildConfigurationList = 366ABA43228414A700016129 /* Build configuration list for PBXNativeTarget "AVKitEasyUseProjectUITests" */;
			buildPhases = (
				366ABA30228414A700016129 /* Sources */,
				366ABA31228414A700016129 /* Frameworks */,
				366ABA32228414A700016129 /* Resources */,
			);
			buildRules = (
			);
			dependencies = (
				366ABA36228414A700016129 /* PBXTargetDependency */,
			);
			name = AVKitEasyUseProjectUITests;
			productName = AVKitEasyUseProjectUITests;
			productReference = 366ABA34228414A700016129 /* AVKitEasyUseProjectUITests.xctest */;
			productType = "com.apple.product-type.bundle.ui-testing";
		};
/* End PBXNativeTarget section */

/* Begin PBXProject section */
		366ABA0D2284149E00016129 /* Project object */ = {
			isa = PBXProject;
			attributes = {
				LastSwiftUpdateCheck = 1020;
				LastUpgradeCheck = 1020;
				ORGANIZATIONNAME = ZZJ;
				TargetAttributes = {
					366ABA142284149E00016129 = {
						CreatedOnToolsVersion = 10.2;
					};
					366ABA28228414A700016129 = {
						CreatedOnToolsVersion = 10.2;
						TestTargetID = 366ABA142284149E00016129;
					};
					366ABA33228414A700016129 = {
						CreatedOnToolsVersion = 10.2;
						TestTargetID = 366ABA142284149E00016129;
					};
				};
			};
			buildConfigurationList = 366ABA102284149E00016129 /* Build configuration list for PBXProject "AVKitEasyUseProject" */;
			compatibilityVersion = "Xcode 9.3";
			developmentRegion = en;
			hasScannedForEncodings = 0;
			knownRegions = (
				en,
				Base,
			);
			mainGroup = 366ABA0C2284149E00016129;
			productRefGroup = 366ABA162284149E00016129 /* Products */;
			projectDirPath = "";
			projectRoot = "";
			targets = (
				366ABA142284149E00016129 /* AVKitEasyUseProject */,
				366ABA28228414A700016129 /* AVKitEasyUseProjectTests */,
				366ABA33228414A700016129 /* AVKitEasyUseProjectUITests */,
			);
		};
/* End PBXProject section */

/* Begin PBXResourcesBuildPhase section */
		366ABA132284149E00016129 /* Resources */ = {
			isa = PBXResourcesBuildPhase;
			buildActionMask = 2147483647;
			files = (
				366ABA23228414A700016129 /* LaunchScreen.storyboard in Resources */,
				366ABA20228414A700016129 /* Assets.xcassets in Resources */,
				366ABA1E2284149E00016129 /* Main.storyboard in Resources */,
			);
			runOnlyForDeploymentPostprocessing = 0;
		};
		366ABA27228414A700016129 /* Resources */ = {
			isa = PBXResourcesBuildPhase;
			buildActionMask = 2147483647;
			files = (
			);
			runOnlyForDeploymentPostprocessing = 0;
		};
		366ABA32228414A700016129 /* Resources */ = {
			isa = PBXResourcesBuildPhase;
			buildActionMask = 2147483647;
			files = (
			);
			runOnlyForDeploymentPostprocessing = 0;
		};
/* End PBXResourcesBuildPhase section */

/* Begin PBXSourcesBuildPhase section */
		366ABA112284149E00016129 /* Sources */ = {
			isa = PBXSourcesBuildPhase;
			buildActionMask = 2147483647;
			files = (
				366ABA4F2284171500016129 /* PreviewCell.swift in Sources */,
				366ABA4D228415A700016129 /* PreviewView.swift in Sources */,
				366ABA47228414E500016129 /* Macro.swift in Sources */,
				366ABA192284149E00016129 /* AppDelegate.swift in Sources */,
				366ABA49228414F200016129 /* BaseViewController.swift in Sources */,
				366ABA4B2284150B00016129 /* PreviewViewController.swift in Sources */,
			);
			runOnlyForDeploymentPostprocessing = 0;
		};
		366ABA25228414A700016129 /* Sources */ = {
			isa = PBXSourcesBuildPhase;
			buildActionMask = 2147483647;
			files = (
				366ABA2E228414A700016129 /* AVKitEasyUseProjectTests.swift in Sources */,
			);
			runOnlyForDeploymentPostprocessing = 0;
		};
		366ABA30228414A700016129 /* Sources */ = {
			isa = PBXSourcesBuildPhase;
			buildActionMask = 2147483647;
			files = (
				366ABA39228414A700016129 /* AVKitEasyUseProjectUITests.swift in Sources */,
			);
			runOnlyForDeploymentPostprocessing = 0;
		};
/* End PBXSourcesBuildPhase section */

/* Begin PBXTargetDependency section */
		366ABA2B228414A700016129 /* PBXTargetDependency */ = {
			isa = PBXTargetDependency;
			target = 366ABA142284149E00016129 /* AVKitEasyUseProject */;
			targetProxy = 366ABA2A228414A700016129 /* PBXContainerItemProxy */;
		};
		366ABA36228414A700016129 /* PBXTargetDependency */ = {
			isa = PBXTargetDependency;
			target = 366ABA142284149E00016129 /* AVKitEasyUseProject */;
			targetProxy = 366ABA35228414A700016129 /* PBXContainerItemProxy */;
		};
/* End PBXTargetDependency section */

/* Begin PBXVariantGroup section */
		366ABA1C2284149E00016129 /* Main.storyboard */ = {
			isa = PBXVariantGroup;
			children = (
				366ABA1D2284149E00016129 /* Base */,
			);
			name = Main.storyboard;
			sourceTree = "<group>";
		};
		366ABA21228414A700016129 /* LaunchScreen.storyboard */ = {
			isa = PBXVariantGroup;
			children = (
				366ABA22228414A700016129 /* Base */,
			);
			name = LaunchScreen.storyboard;
			sourceTree = "<group>";
		};
/* End PBXVariantGroup section */

/* Begin XCBuildConfiguration section */
		366ABA3B228414A700016129 /* Debug */ = {
			isa = XCBuildConfiguration;
			buildSettings = {
				ALWAYS_SEARCH_USER_PATHS = NO;
				CLANG_ANALYZER_NONNULL = YES;
				CLANG_ANALYZER_NUMBER_OBJECT_CONVERSION = YES_AGGRESSIVE;
				CLANG_CXX_LANGUAGE_STANDARD = "gnu++14";
				CLANG_CXX_LIBRARY = "libc++";
				CLANG_ENABLE_MODULES = YES;
				CLANG_ENABLE_OBJC_ARC = YES;
				CLANG_ENABLE_OBJC_WEAK = YES;
				CLANG_WARN_BLOCK_CAPTURE_AUTORELEASING = YES;
				CLANG_WARN_BOOL_CONVERSION = YES;
				CLANG_WARN_COMMA = YES;
				CLANG_WARN_CONSTANT_CONVERSION = YES;
				CLANG_WARN_DEPRECATED_OBJC_IMPLEMENTATIONS = YES;
				CLANG_WARN_DIRECT_OBJC_ISA_USAGE = YES_ERROR;
				CLANG_WARN_DOCUMENTATION_COMMENTS = YES;
				CLANG_WARN_EMPTY_BODY = YES;
				CLANG_WARN_ENUM_CONVERSION = YES;
				CLANG_WARN_INFINITE_RECURSION = YES;
				CLANG_WARN_INT_CONVERSION = YES;
				CLANG_WARN_NON_LITERAL_NULL_CONVERSION = YES;
				CLANG_WARN_OBJC_IMPLICIT_RETAIN_SELF = YES;
				CLANG_WARN_OBJC_LITERAL_CONVERSION = YES;
				CLANG_WARN_OBJC_ROOT_CLASS = YES_ERROR;
				CLANG_WARN_RANGE_LOOP_ANALYSIS = YES;
				CLANG_WARN_STRICT_PROTOTYPES = YES;
				CLANG_WARN_SUSPICIOUS_MOVE = YES;
				CLANG_WARN_UNGUARDED_AVAILABILITY = YES_AGGRESSIVE;
				CLANG_WARN_UNREACHABLE_CODE = YES;
				CLANG_WARN__DUPLICATE_METHOD_MATCH = YES;
				CODE_SIGN_IDENTITY = "iPhone Developer";
				COPY_PHASE_STRIP = NO;
				DEBUG_INFORMATION_FORMAT = dwarf;
				ENABLE_STRICT_OBJC_MSGSEND = YES;
				ENABLE_TESTABILITY = YES;
				GCC_C_LANGUAGE_STANDARD = gnu11;
				GCC_DYNAMIC_NO_PIC = NO;
				GCC_NO_COMMON_BLOCKS = YES;
				GCC_OPTIMIZATION_LEVEL = 0;
				GCC_PREPROCESSOR_DEFINITIONS = (
					"DEBUG=1",
					"$(inherited)",
				);
				GCC_WARN_64_TO_32_BIT_CONVERSION = YES;
				GCC_WARN_ABOUT_RETURN_TYPE = YES_ERROR;
				GCC_WARN_UNDECLARED_SELECTOR = YES;
				GCC_WARN_UNINITIALIZED_AUTOS = YES_AGGRESSIVE;
				GCC_WARN_UNUSED_FUNCTION = YES;
				GCC_WARN_UNUSED_VARIABLE = YES;
				IPHONEOS_DEPLOYMENT_TARGET = 12.2;
				MTL_ENABLE_DEBUG_INFO = INCLUDE_SOURCE;
				MTL_FAST_MATH = YES;
				ONLY_ACTIVE_ARCH = YES;
				SDKROOT = iphoneos;
				SWIFT_ACTIVE_COMPILATION_CONDITIONS = DEBUG;
				SWIFT_OPTIMIZATION_LEVEL = "-Onone";
			};
			name = Debug;
		};
		366ABA3C228414A700016129 /* Release */ = {
			isa = XCBuildConfiguration;
			buildSettings = {
				ALWAYS_SEARCH_USER_PATHS = NO;
				CLANG_ANALYZER_NONNULL = YES;
				CLANG_ANALYZER_NUMBER_OBJECT_CONVERSION = YES_AGGRESSIVE;
				CLANG_CXX_LANGUAGE_STANDARD = "gnu++14";
				CLANG_CXX_LIBRARY = "libc++";
				CLANG_ENABLE_MODULES = YES;
				CLANG_ENABLE_OBJC_ARC = YES;
				CLANG_ENABLE_OBJC_WEAK = YES;
				CLANG_WARN_BLOCK_CAPTURE_AUTORELEASING = YES;
				CLANG_WARN_BOOL_CONVERSION = YES;
				CLANG_WARN_COMMA = YES;
				CLANG_WARN_CONSTANT_CONVERSION = YES;
				CLANG_WARN_DEPRECATED_OBJC_IMPLEMENTATIONS = YES;
				CLANG_WARN_DIRECT_OBJC_ISA_USAGE = YES_ERROR;
				CLANG_WARN_DOCUMENTATION_COMMENTS = YES;
				CLANG_WARN_EMPTY_BODY = YES;
				CLANG_WARN_ENUM_CONVERSION = YES;
				CLANG_WARN_INFINITE_RECURSION = YES;
				CLANG_WARN_INT_CONVERSION = YES;
				CLANG_WARN_NON_LITERAL_NULL_CONVERSION = YES;
				CLANG_WARN_OBJC_IMPLICIT_RETAIN_SELF = YES;
				CLANG_WARN_OBJC_LITERAL_CONVERSION = YES;
				CLANG_WARN_OBJC_ROOT_CLASS = YES_ERROR;
				CLANG_WARN_RANGE_LOOP_ANALYSIS = YES;
				CLANG_WARN_STRICT_PROTOTYPES = YES;
				CLANG_WARN_SUSPICIOUS_MOVE = YES;
				CLANG_WARN_UNGUARDED_AVAILABILITY = YES_AGGRESSIVE;
				CLANG_WARN_UNREACHABLE_CODE = YES;
				CLANG_WARN__DUPLICATE_METHOD_MATCH = YES;
				CODE_SIGN_IDENTITY = "iPhone Developer";
				COPY_PHASE_STRIP = NO;
				DEBUG_INFORMATION_FORMAT = "dwarf-with-dsym";
				ENABLE_NS_ASSERTIONS = NO;
				ENABLE_STRICT_OBJC_MSGSEND = YES;
				GCC_C_LANGUAGE_STANDARD = gnu11;
				GCC_NO_COMMON_BLOCKS = YES;
				GCC_WARN_64_TO_32_BIT_CONVERSION = YES;
				GCC_WARN_ABOUT_RETURN_TYPE = YES_ERROR;
				GCC_WARN_UNDECLARED_SELECTOR = YES;
				GCC_WARN_UNINITIALIZED_AUTOS = YES_AGGRESSIVE;
				GCC_WARN_UNUSED_FUNCTION = YES;
				GCC_WARN_UNUSED_VARIABLE = YES;
				IPHONEOS_DEPLOYMENT_TARGET = 12.2;
				MTL_ENABLE_DEBUG_INFO = NO;
				MTL_FAST_MATH = YES;
				SDKROOT = iphoneos;
				SWIFT_COMPILATION_MODE = wholemodule;
				SWIFT_OPTIMIZATION_LEVEL = "-O";
				VALIDATE_PRODUCT = YES;
			};
			name = Release;
		};
		366ABA3E228414A700016129 /* Debug */ = {
			isa = XCBuildConfiguration;
			buildSettings = {
				ASSETCATALOG_COMPILER_APPICON_NAME = AppIcon;
				CODE_SIGN_STYLE = Automatic;
				DEVELOPMENT_TEAM = HHBWV8ZU9T;
				INFOPLIST_FILE = AVKitEasyUseProject/Info.plist;
				IPHONEOS_DEPLOYMENT_TARGET = 8.0;
				LD_RUNPATH_SEARCH_PATHS = (
					"$(inherited)",
					"@executable_path/Frameworks",
				);
				PRODUCT_BUNDLE_IDENTIFIER = com.FullScreenAd.AVKitEasyUseProject;
				PRODUCT_NAME = "$(TARGET_NAME)";
				SWIFT_VERSION = 5.0;
				TARGETED_DEVICE_FAMILY = "1,2";
			};
			name = Debug;
		};
		366ABA3F228414A700016129 /* Release */ = {
			isa = XCBuildConfiguration;
			buildSettings = {
				ASSETCATALOG_COMPILER_APPICON_NAME = AppIcon;
				CODE_SIGN_STYLE = Automatic;
				DEVELOPMENT_TEAM = HHBWV8ZU9T;
				INFOPLIST_FILE = AVKitEasyUseProject/Info.plist;
				IPHONEOS_DEPLOYMENT_TARGET = 8.0;
				LD_RUNPATH_SEARCH_PATHS = (
					"$(inherited)",
					"@executable_path/Frameworks",
				);
				PRODUCT_BUNDLE_IDENTIFIER = com.FullScreenAd.AVKitEasyUseProject;
				PRODUCT_NAME = "$(TARGET_NAME)";
				SWIFT_VERSION = 5.0;
				TARGETED_DEVICE_FAMILY = "1,2";
			};
			name = Release;
		};
		366ABA41228414A700016129 /* Debug */ = {
			isa = XCBuildConfiguration;
			buildSettings = {
				ALWAYS_EMBED_SWIFT_STANDARD_LIBRARIES = YES;
				BUNDLE_LOADER = "$(TEST_HOST)";
				CODE_SIGN_STYLE = Automatic;
				DEVELOPMENT_TEAM = HHBWV8ZU9T;
				INFOPLIST_FILE = AVKitEasyUseProjectTests/Info.plist;
				LD_RUNPATH_SEARCH_PATHS = (
					"$(inherited)",
					"@executable_path/Frameworks",
					"@loader_path/Frameworks",
				);
				PRODUCT_BUNDLE_IDENTIFIER = com.FullScreenAd.AVKitEasyUseProjectTests;
				PRODUCT_NAME = "$(TARGET_NAME)";
				SWIFT_VERSION = 5.0;
				TARGETED_DEVICE_FAMILY = "1,2";
				TEST_HOST = "$(BUILT_PRODUCTS_DIR)/AVKitEasyUseProject.app/AVKitEasyUseProject";
			};
			name = Debug;
		};
		366ABA42228414A700016129 /* Release */ = {
			isa = XCBuildConfiguration;
			buildSettings = {
				ALWAYS_EMBED_SWIFT_STANDARD_LIBRARIES = YES;
				BUNDLE_LOADER = "$(TEST_HOST)";
				CODE_SIGN_STYLE = Automatic;
				DEVELOPMENT_TEAM = HHBWV8ZU9T;
				INFOPLIST_FILE = AVKitEasyUseProjectTests/Info.plist;
				LD_RUNPATH_SEARCH_PATHS = (
					"$(inherited)",
					"@executable_path/Frameworks",
					"@loader_path/Frameworks",
				);
				PRODUCT_BUNDLE_IDENTIFIER = com.FullScreenAd.AVKitEasyUseProjectTests;
				PRODUCT_NAME = "$(TARGET_NAME)";
				SWIFT_VERSION = 5.0;
				TARGETED_DEVICE_FAMILY = "1,2";
				TEST_HOST = "$(BUILT_PRODUCTS_DIR)/AVKitEasyUseProject.app/AVKitEasyUseProject";
			};
			name = Release;
		};
		366ABA44228414A700016129 /* Debug */ = {
			isa = XCBuildConfiguration;
			buildSettings = {
				ALWAYS_EMBED_SWIFT_STANDARD_LIBRARIES = YES;
				CODE_SIGN_STYLE = Automatic;
				DEVELOPMENT_TEAM = HHBWV8ZU9T;
				INFOPLIST_FILE = AVKitEasyUseProjectUITests/Info.plist;
				LD_RUNPATH_SEARCH_PATHS = (
					"$(inherited)",
					"@executable_path/Frameworks",
					"@loader_path/Frameworks",
				);
				PRODUCT_BUNDLE_IDENTIFIER = com.FullScreenAd.AVKitEasyUseProjectUITests;
				PRODUCT_NAME = "$(TARGET_NAME)";
				SWIFT_VERSION = 5.0;
				TARGETED_DEVICE_FAMILY = "1,2";
				TEST_TARGET_NAME = AVKitEasyUseProject;
			};
			name = Debug;
		};
		366ABA45228414A700016129 /* Release */ = {
			isa = XCBuildConfiguration;
			buildSettings = {
				ALWAYS_EMBED_SWIFT_STANDARD_LIBRARIES = YES;
				CODE_SIGN_STYLE = Automatic;
				DEVELOPMENT_TEAM = HHBWV8ZU9T;
				INFOPLIST_FILE = AVKitEasyUseProjectUITests/Info.plist;
				LD_RUNPATH_SEARCH_PATHS = (
					"$(inherited)",
					"@executable_path/Frameworks",
					"@loader_path/Frameworks",
				);
				PRODUCT_BUNDLE_IDENTIFIER = com.FullScreenAd.AVKitEasyUseProjectUITests;
				PRODUCT_NAME = "$(TARGET_NAME)";
				SWIFT_VERSION = 5.0;
				TARGETED_DEVICE_FAMILY = "1,2";
				TEST_TARGET_NAME = AVKitEasyUseProject;
			};
			name = Release;
		};
/* End XCBuildConfiguration section */

/* Begin XCConfigurationList section */
		366ABA102284149E00016129 /* Build configuration list for PBXProject "AVKitEasyUseProject" */ = {
			isa = XCConfigurationList;
			buildConfigurations = (
				366ABA3B228414A700016129 /* Debug */,
				366ABA3C228414A700016129 /* Release */,
			);
			defaultConfigurationIsVisible = 0;
			defaultConfigurationName = Release;
		};
		366ABA3D228414A700016129 /* Build configuration list for PBXNativeTarget "AVKitEasyUseProject" */ = {
			isa = XCConfigurationList;
			buildConfigurations = (
				366ABA3E228414A700016129 /* Debug */,
				366ABA3F228414A700016129 /* Release */,
			);
			defaultConfigurationIsVisible = 0;
			defaultConfigurationName = Release;
		};
		366ABA40228414A700016129 /* Build configuration list for PBXNativeTarget "AVKitEasyUseProjectTests" */ = {
			isa = XCConfigurationList;
			buildConfigurations = (
				366ABA41228414A700016129 /* Debug */,
				366ABA42228414A700016129 /* Release */,
			);
			defaultConfigurationIsVisible = 0;
			defaultConfigurationName = Release;
		};
		366ABA43228414A700016129 /* Build configuration list for PBXNativeTarget "AVKitEasyUseProjectUITests" */ = {
			isa = XCConfigurationList;
			buildConfigurations = (
				366ABA44228414A700016129 /* Debug */,
				366ABA45228414A700016129 /* Release */,
			);
			defaultConfigurationIsVisible = 0;
			defaultConfigurationName = Release;
		};
/* End XCConfigurationList section */
	};
	rootObject = 366ABA0D2284149E00016129 /* Project object */;
}
